
Microsoft Visual Studio Solution File, Format Version 12.00
# Visual Studio Version 17
VisualStudioVersion = 17.7.34031.279
MinimumVisualStudioVersion = 10.0.40219.1
Project("{FAE04EC0-301F-11D3-BF4B-00C04F79EFBC}") = "module1", "module1\module1.csproj", "{CCD49B0A-6463-42A0-B7D5-65D6B5912F35}"
EndProject
Global
	GlobalSection(SolutionConfigurationPlatforms) = preSolution
		Debug|Any CPU = Debug|Any CPU
		Release|Any CPU = Release|Any CPU
	EndGlobalSection
	GlobalSection(ProjectConfigurationPlatforms) = postSolution
		{CCD49B0A-6463-42A0-B7D5-65D6B5912F35}.Debug|Any CPU.ActiveCfg = Debug|Any CPU
		{CCD49B0A-6463-42A0-B7D5-65D6B5912F35}.Debug|Any CPU.Build.0 = Debug|Any CPU
		{CCD49B0A-6463-42A0-B7D5-65D6B5912F35}.Release|Any CPU.ActiveCfg = Release|Any CPU
		{CCD49B0A-6463-42A0-B7D5-65D6B5912F35}.Release|Any CPU.Build.0 = Release|Any CPU
	EndGlobalSection
	GlobalSection(SolutionProperties) = preSolution
		HideSolutionNode = FALSE
	EndGlobalSection
	GlobalSection(ExtensibilityGlobals) = postSolution
		SolutionGuid = {1249D13B-32A7-4972-9E0A-D07E7F7294AD}
	EndGlobalSection
EndGlobal
